
Microsoft Visual Studio Solution File, Format Version 12.00
# Visual Studio Version 16
VisualStudioVersion = 16.0.30503.244
MinimumVisualStudioVersion = 10.0.40219.1
Project("{2150E333-8FDC-42A3-9474-1A3956D46DE8}") = "framework", "framework", "{CC04CE2F-E523-4A0F-B411-4C28CC4277D6}"
EndProject
Project("{9A19103F-16F7-4668-BE54-9A1E7A4F7556}") = "GatewayService", "framework\GatewayService\GatewayService.csproj", "{AFA8D359-648F-40C5-934C-50737D38BFB9}"
EndProject
Project("{FAE04EC0-301F-11D3-BF4B-00C04F79EFBC}") = "AppService", "framework\AppService\AppService.csproj", "{AA0A45B2-C2AE-40E7-AA85-20F41D357B14}"
EndProject
Project("{FAE04EC0-301F-11D3-BF4B-00C04F79EFBC}") = "FrameworkCore", "framework\FrameworkCore\FrameworkCore.csproj", "{03108A16-60EA-4A26-B366-4BA35737BD06}"
EndProject
Global
	GlobalSection(SolutionConfigurationPlatforms) = preSolution
		Debug|Any CPU = Debug|Any CPU
		Release|Any CPU = Release|Any CPU
	EndGlobalSection
	GlobalSection(ProjectConfigurationPlatforms) = postSolution
		{AFA8D359-648F-40C5-934C-50737D38BFB9}.Debug|Any CPU.ActiveCfg = Debug|Any CPU
		{AFA8D359-648F-40C5-934C-50737D38BFB9}.Debug|Any CPU.Build.0 = Debug|Any CPU
		{AFA8D359-648F-40C5-934C-50737D38BFB9}.Release|Any CPU.ActiveCfg = Release|Any CPU
		{AFA8D359-648F-40C5-934C-50737D38BFB9}.Release|Any CPU.Build.0 = Release|Any CPU
		{AA0A45B2-C2AE-40E7-AA85-20F41D357B14}.Debug|Any CPU.ActiveCfg = Debug|Any CPU
		{AA0A45B2-C2AE-40E7-AA85-20F41D357B14}.Debug|Any CPU.Build.0 = Debug|Any CPU
		{AA0A45B2-C2AE-40E7-AA85-20F41D357B14}.Release|Any CPU.ActiveCfg = Release|Any CPU
		{AA0A45B2-C2AE-40E7-AA85-20F41D357B14}.Release|Any CPU.Build.0 = Release|Any CPU
		{03108A16-60EA-4A26-B366-4BA35737BD06}.Debug|Any CPU.ActiveCfg = Debug|Any CPU
		{03108A16-60EA-4A26-B366-4BA35737BD06}.Debug|Any CPU.Build.0 = Debug|Any CPU
		{03108A16-60EA-4A26-B366-4BA35737BD06}.Release|Any CPU.ActiveCfg = Release|Any CPU
		{03108A16-60EA-4A26-B366-4BA35737BD06}.Release|Any CPU.Build.0 = Release|Any CPU
	EndGlobalSection
	GlobalSection(SolutionProperties) = preSolution
		HideSolutionNode = FALSE
	EndGlobalSection
	GlobalSection(NestedProjects) = preSolution
		{AFA8D359-648F-40C5-934C-50737D38BFB9} = {CC04CE2F-E523-4A0F-B411-4C28CC4277D6}
		{AA0A45B2-C2AE-40E7-AA85-20F41D357B14} = {CC04CE2F-E523-4A0F-B411-4C28CC4277D6}
		{03108A16-60EA-4A26-B366-4BA35737BD06} = {CC04CE2F-E523-4A0F-B411-4C28CC4277D6}
	EndGlobalSection
	GlobalSection(ExtensibilityGlobals) = postSolution
		SolutionGuid = {5AF30FB6-BD19-4DAC-903A-4ED11855FB8F}
	EndGlobalSection
EndGlobal
