
Microsoft Visual Studio Solution File, Format Version 12.00
# Visual Studio Version 16
VisualStudioVersion = 16.0.30503.244
MinimumVisualStudioVersion = 10.0.40219.1
Project("{2150E333-8FDC-42A3-9474-1A3956D46DE8}") = "framework", "framework", "{CC04CE2F-E523-4A0F-B411-4C28CC4277D6}"
EndProject
Project("{9A19103F-16F7-4668-BE54-9A1E7A4F7556}") = "GatewayService", "framework\GatewayService\GatewayService.csproj", "{AFA8D359-648F-40C5-934C-50737D38BFB9}"
EndProject
Project("{9A19103F-16F7-4668-BE54-9A1E7A4F7556}") = "AppService", "framework\AppService\AppService.csproj", "{AA0A45B2-C2AE-40E7-AA85-20F41D357B14}"
EndProject
Project("{9A19103F-16F7-4668-BE54-9A1E7A4F7556}") = "FrameworkCore", "framework\FrameworkCore\FrameworkCore.csproj", "{03108A16-60EA-4A26-B366-4BA35737BD06}"
EndProject
Project("{2150E333-8FDC-42A3-9474-1A3956D46DE8}") = "application", "application", "{D50D86C1-1634-4302-8C68-0E63230AD69D}"
EndProject
Project("{9A19103F-16F7-4668-BE54-9A1E7A4F7556}") = "xun-ying", "application\xun-ying\xun-ying.csproj", "{5D9F549B-1949-49D8-BAFD-6DE0A9F5B2A4}"
EndProject
Project("{9A19103F-16F7-4668-BE54-9A1E7A4F7556}") = "usr-ammeter", "application\usr-ammeter\usr-ammeter.csproj", "{9F718522-07EF-4B4D-AA6E-ADB946E2A20B}"
EndProject
Project("{2150E333-8FDC-42A3-9474-1A3956D46DE8}") = "Tests", "Tests", "{B556D433-A887-4979-AF66-FF7DB0D2B6F8}"
EndProject
Project("{2150E333-8FDC-42A3-9474-1A3956D46DE8}") = "Stub", "Stub", "{9FB506C7-D473-4F99-9600-CDE857B92432}"
EndProject
Project("{9A19103F-16F7-4668-BE54-9A1E7A4F7556}") = "AppServiceTests", "Tests\AppServiceTests\AppServiceTests.csproj", "{7FDB8B3B-7ABA-46DF-A079-E5CF2D3683F9}"
EndProject
Project("{9A19103F-16F7-4668-BE54-9A1E7A4F7556}") = "FrameworkCoreTests", "Tests\FrameworkCoreTests\FrameworkCoreTests.csproj", "{DD70973F-B6EB-43B7-A730-97BDF81C206F}"
EndProject
Project("{9A19103F-16F7-4668-BE54-9A1E7A4F7556}") = "usr-device", "Stub\usr-device\usr-device.csproj", "{B4D4EC62-AEFA-4B18-8F3A-B27F4EAC9BCD}"
EndProject
Project("{9A19103F-16F7-4668-BE54-9A1E7A4F7556}") = "AppClient", "Stub\AppClient\AppClient.csproj", "{BCB0184A-5FF6-404C-8798-DFC737A8E60E}"
EndProject
Project("{2150E333-8FDC-42A3-9474-1A3956D46DE8}") = "deviceProtocol", "deviceProtocol", "{8113045D-A968-441F-9246-D98884CA7110}"
EndProject
Project("{9A19103F-16F7-4668-BE54-9A1E7A4F7556}") = "Ammeter", "deviceProtocol\Ammeter\Ammeter.csproj", "{B146DEF3-599E-476E-974E-0A2EE5A2B577}"
EndProject
Project("{9A19103F-16F7-4668-BE54-9A1E7A4F7556}") = "GatewaySimulator", "framework\GatewaySimulator\GatewaySimulator.csproj", "{4AA7484B-E5C8-47E9-95B7-7E380D6483D8}"
EndProject
Global
	GlobalSection(SolutionConfigurationPlatforms) = preSolution
		Debug|Any CPU = Debug|Any CPU
		Release|Any CPU = Release|Any CPU
	EndGlobalSection
	GlobalSection(ProjectConfigurationPlatforms) = postSolution
		{AFA8D359-648F-40C5-934C-50737D38BFB9}.Debug|Any CPU.ActiveCfg = Debug|Any CPU
		{AFA8D359-648F-40C5-934C-50737D38BFB9}.Debug|Any CPU.Build.0 = Debug|Any CPU
		{AFA8D359-648F-40C5-934C-50737D38BFB9}.Release|Any CPU.ActiveCfg = Release|Any CPU
		{AFA8D359-648F-40C5-934C-50737D38BFB9}.Release|Any CPU.Build.0 = Release|Any CPU
		{AA0A45B2-C2AE-40E7-AA85-20F41D357B14}.Debug|Any CPU.ActiveCfg = Debug|Any CPU
		{AA0A45B2-C2AE-40E7-AA85-20F41D357B14}.Debug|Any CPU.Build.0 = Debug|Any CPU
		{AA0A45B2-C2AE-40E7-AA85-20F41D357B14}.Release|Any CPU.ActiveCfg = Release|Any CPU
		{AA0A45B2-C2AE-40E7-AA85-20F41D357B14}.Release|Any CPU.Build.0 = Release|Any CPU
		{03108A16-60EA-4A26-B366-4BA35737BD06}.Debug|Any CPU.ActiveCfg = Debug|Any CPU
		{03108A16-60EA-4A26-B366-4BA35737BD06}.Debug|Any CPU.Build.0 = Debug|Any CPU
		{03108A16-60EA-4A26-B366-4BA35737BD06}.Release|Any CPU.ActiveCfg = Release|Any CPU
		{03108A16-60EA-4A26-B366-4BA35737BD06}.Release|Any CPU.Build.0 = Release|Any CPU
		{5D9F549B-1949-49D8-BAFD-6DE0A9F5B2A4}.Debug|Any CPU.ActiveCfg = Debug|Any CPU
		{5D9F549B-1949-49D8-BAFD-6DE0A9F5B2A4}.Debug|Any CPU.Build.0 = Debug|Any CPU
		{5D9F549B-1949-49D8-BAFD-6DE0A9F5B2A4}.Release|Any CPU.ActiveCfg = Release|Any CPU
		{5D9F549B-1949-49D8-BAFD-6DE0A9F5B2A4}.Release|Any CPU.Build.0 = Release|Any CPU
		{9F718522-07EF-4B4D-AA6E-ADB946E2A20B}.Debug|Any CPU.ActiveCfg = Debug|Any CPU
		{9F718522-07EF-4B4D-AA6E-ADB946E2A20B}.Debug|Any CPU.Build.0 = Debug|Any CPU
		{9F718522-07EF-4B4D-AA6E-ADB946E2A20B}.Release|Any CPU.ActiveCfg = Release|Any CPU
		{9F718522-07EF-4B4D-AA6E-ADB946E2A20B}.Release|Any CPU.Build.0 = Release|Any CPU
		{7FDB8B3B-7ABA-46DF-A079-E5CF2D3683F9}.Debug|Any CPU.ActiveCfg = Debug|Any CPU
		{7FDB8B3B-7ABA-46DF-A079-E5CF2D3683F9}.Debug|Any CPU.Build.0 = Debug|Any CPU
		{7FDB8B3B-7ABA-46DF-A079-E5CF2D3683F9}.Release|Any CPU.ActiveCfg = Release|Any CPU
		{7FDB8B3B-7ABA-46DF-A079-E5CF2D3683F9}.Release|Any CPU.Build.0 = Release|Any CPU
		{DD70973F-B6EB-43B7-A730-97BDF81C206F}.Debug|Any CPU.ActiveCfg = Debug|Any CPU
		{DD70973F-B6EB-43B7-A730-97BDF81C206F}.Debug|Any CPU.Build.0 = Debug|Any CPU
		{DD70973F-B6EB-43B7-A730-97BDF81C206F}.Release|Any CPU.ActiveCfg = Release|Any CPU
		{DD70973F-B6EB-43B7-A730-97BDF81C206F}.Release|Any CPU.Build.0 = Release|Any CPU
		{B4D4EC62-AEFA-4B18-8F3A-B27F4EAC9BCD}.Debug|Any CPU.ActiveCfg = Debug|Any CPU
		{B4D4EC62-AEFA-4B18-8F3A-B27F4EAC9BCD}.Debug|Any CPU.Build.0 = Debug|Any CPU
		{B4D4EC62-AEFA-4B18-8F3A-B27F4EAC9BCD}.Release|Any CPU.ActiveCfg = Release|Any CPU
		{B4D4EC62-AEFA-4B18-8F3A-B27F4EAC9BCD}.Release|Any CPU.Build.0 = Release|Any CPU
		{BCB0184A-5FF6-404C-8798-DFC737A8E60E}.Debug|Any CPU.ActiveCfg = Debug|Any CPU
		{BCB0184A-5FF6-404C-8798-DFC737A8E60E}.Debug|Any CPU.Build.0 = Debug|Any CPU
		{BCB0184A-5FF6-404C-8798-DFC737A8E60E}.Release|Any CPU.ActiveCfg = Release|Any CPU
		{BCB0184A-5FF6-404C-8798-DFC737A8E60E}.Release|Any CPU.Build.0 = Release|Any CPU
		{B146DEF3-599E-476E-974E-0A2EE5A2B577}.Debug|Any CPU.ActiveCfg = Debug|Any CPU
		{B146DEF3-599E-476E-974E-0A2EE5A2B577}.Debug|Any CPU.Build.0 = Debug|Any CPU
		{B146DEF3-599E-476E-974E-0A2EE5A2B577}.Release|Any CPU.ActiveCfg = Release|Any CPU
		{B146DEF3-599E-476E-974E-0A2EE5A2B577}.Release|Any CPU.Build.0 = Release|Any CPU
		{4AA7484B-E5C8-47E9-95B7-7E380D6483D8}.Debug|Any CPU.ActiveCfg = Debug|Any CPU
		{4AA7484B-E5C8-47E9-95B7-7E380D6483D8}.Debug|Any CPU.Build.0 = Debug|Any CPU
		{4AA7484B-E5C8-47E9-95B7-7E380D6483D8}.Release|Any CPU.ActiveCfg = Release|Any CPU
		{4AA7484B-E5C8-47E9-95B7-7E380D6483D8}.Release|Any CPU.Build.0 = Release|Any CPU
	EndGlobalSection
	GlobalSection(SolutionProperties) = preSolution
		HideSolutionNode = FALSE
	EndGlobalSection
	GlobalSection(NestedProjects) = preSolution
		{AFA8D359-648F-40C5-934C-50737D38BFB9} = {CC04CE2F-E523-4A0F-B411-4C28CC4277D6}
		{AA0A45B2-C2AE-40E7-AA85-20F41D357B14} = {CC04CE2F-E523-4A0F-B411-4C28CC4277D6}
		{03108A16-60EA-4A26-B366-4BA35737BD06} = {CC04CE2F-E523-4A0F-B411-4C28CC4277D6}
		{5D9F549B-1949-49D8-BAFD-6DE0A9F5B2A4} = {D50D86C1-1634-4302-8C68-0E63230AD69D}
		{9F718522-07EF-4B4D-AA6E-ADB946E2A20B} = {D50D86C1-1634-4302-8C68-0E63230AD69D}
		{7FDB8B3B-7ABA-46DF-A079-E5CF2D3683F9} = {B556D433-A887-4979-AF66-FF7DB0D2B6F8}
		{DD70973F-B6EB-43B7-A730-97BDF81C206F} = {B556D433-A887-4979-AF66-FF7DB0D2B6F8}
		{B4D4EC62-AEFA-4B18-8F3A-B27F4EAC9BCD} = {9FB506C7-D473-4F99-9600-CDE857B92432}
		{BCB0184A-5FF6-404C-8798-DFC737A8E60E} = {9FB506C7-D473-4F99-9600-CDE857B92432}
		{B146DEF3-599E-476E-974E-0A2EE5A2B577} = {8113045D-A968-441F-9246-D98884CA7110}
		{4AA7484B-E5C8-47E9-95B7-7E380D6483D8} = {CC04CE2F-E523-4A0F-B411-4C28CC4277D6}
	EndGlobalSection
	GlobalSection(ExtensibilityGlobals) = postSolution
		SolutionGuid = {5AF30FB6-BD19-4DAC-903A-4ED11855FB8F}
	EndGlobalSection
EndGlobal
